// !$*UTF8*$!
{
	archiveVersion = 1;
	classes = {
	};
	objectVersion = 77;
	objects = {

/* Begin PBXBuildFile section */
		02E6E10D2F17DCDD007BCB4D /* RxCocoa in Frameworks */ = {isa = PBXBuildFile; productRef = 02E6E10C2F17DCDD007BCB4D /* RxCocoa */; };
		02E6E10F2F17DCDD007BCB4D /* RxRelay in Frameworks */ = {isa = PBXBuildFile; productRef = 02E6E10E2F17DCDD007BCB4D /* RxRelay */; };
/* End PBXBuildFile section */

/* Begin PBXContainerItemProxy section */
		02E6E0CC2F17CF35007BCB4D /* PBXContainerItemProxy */ = {
			isa = PBXContainerItemProxy;
			containerPortal = 02E6E0AD2F17CF34007BCB4D /* Project object */;
			proxyType = 1;
			remoteGlobalIDString = 02E6E0B42F17CF34007BCB4D;
			remoteInfo = EnUygunCaseIOS;
		};
		02E6E0D62F17CF35007BCB4D /* PBXContainerItemProxy */ = {
			isa = PBXContainerItemProxy;
			containerPortal = 02E6E0AD2F17CF34007BCB4D /* Project object */;
			proxyType = 1;
			remoteGlobalIDString = 02E6E0B42F17CF34007BCB4D;
			remoteInfo = EnUygunCaseIOS;
		};
/* End PBXContainerItemProxy section */

/* Begin PBXFileReference section */
		02E6E0B52F17CF34007BCB4D /* EnUygunCaseIOS.app */ = {isa = PBXFileReference; explicitFileType = wrapper.application; includeInIndex = 0; path = EnUygunCaseIOS.app; sourceTree = BUILT_PRODUCTS_DIR; };
		02E6E0CB2F17CF35007BCB4D /* EnUygunCaseIOSTests.xctest */ = {isa = PBXFileReference; explicitFileType = wrapper.cfbundle; includeInIndex = 0; path = EnUygunCaseIOSTests.xctest; sourceTree = BUILT_PRODUCTS_DIR; };
		02E6E0D52F17CF35007BCB4D /* EnUygunCaseIOSUITests.xctest */ = {isa = PBXFileReference; explicitFileType = wrapper.cfbundle; includeInIndex = 0; path = EnUygunCaseIOSUITests.xctest; sourceTree = BUILT_PRODUCTS_DIR; };
/* End PBXFileReference section */

/* Begin PBXFileSystemSynchronizedBuildFileExceptionSet section */
		02E6E0DD2F17CF35007BCB4D /* Exceptions for "EnUygunCaseIOS" folder in "EnUygunCaseIOS" target */ = {
			isa = PBXFileSystemSynchronizedBuildFileExceptionSet;
			membershipExceptions = (
				Info.plist,
			);
			target = 02E6E0B42F17CF34007BCB4D /* EnUygunCaseIOS */;
		};
/* End PBXFileSystemSynchronizedBuildFileExceptionSet section */

/* Begin PBXFileSystemSynchronizedRootGroup section */
		02E6E0B72F17CF34007BCB4D /* EnUygunCaseIOS */ = {
			isa = PBXFileSystemSynchronizedRootGroup;
			exceptions = (
				02E6E0DD2F17CF35007BCB4D /* Exceptions for "EnUygunCaseIOS" folder in "EnUygunCaseIOS" target */,
			);
			path = EnUygunCaseIOS;
			sourceTree = "<group>";
		};
		02E6E0CE2F17CF35007BCB4D /* EnUygunCaseIOSTests */ = {
			isa = PBXFileSystemSynchronizedRootGroup;
			path = EnUygunCaseIOSTests;
			sourceTree = "<group>";
		};
		02E6E0D82F17CF35007BCB4D /* EnUygunCaseIOSUITests */ = {
			isa = PBXFileSystemSynchronizedRootGroup;
			path = EnUygunCaseIOSUITests;
			sourceTree = "<group>";
		};
/* End PBXFileSystemSynchronizedRootGroup section */

/* Begin PBXFrameworksBuildPhase section */
		02E6E0B22F17CF34007BCB4D /* Frameworks */ = {
			isa = PBXFrameworksBuildPhase;
			buildActionMask = 2147483647;
			files = (
				02E6E10F2F17DCDD007BCB4D /* RxRelay in Frameworks */,
				02E6E10D2F17DCDD007BCB4D /* RxCocoa in Frameworks */,
			);
			runOnlyForDeploymentPostprocessing = 0;
		};
		02E6E0C82F17CF35007BCB4D /* Frameworks */ = {
			isa = PBXFrameworksBuildPhase;
			buildActionMask = 2147483647;
			files = (
			);
			runOnlyForDeploymentPostprocessing = 0;
		};
		02E6E0D22F17CF35007BCB4D /* Frameworks */ = {
			isa = PBXFrameworksBuildPhase;
			buildActionMask = 2147483647;
			files = (
			);
			runOnlyForDeploymentPostprocessing = 0;
		};
/* End PBXFrameworksBuildPhase section */

/* Begin PBXGroup section */
		02E6E0AC2F17CF34007BCB4D = {
			isa = PBXGroup;
			children = (
				02E6E0B72F17CF34007BCB4D /* EnUygunCaseIOS */,
				02E6E0CE2F17CF35007BCB4D /* EnUygunCaseIOSTests */,
				02E6E0D82F17CF35007BCB4D /* EnUygunCaseIOSUITests */,
				02E6E0B62F17CF34007BCB4D /* Products */,
			);
			sourceTree = "<group>";
		};
		02E6E0B62F17CF34007BCB4D /* Products */ = {
			isa = PBXGroup;
			children = (
				02E6E0B52F17CF34007BCB4D /* EnUygunCaseIOS.app */,
				02E6E0CB2F17CF35007BCB4D /* EnUygunCaseIOSTests.xctest */,
				02E6E0D52F17CF35007BCB4D /* EnUygunCaseIOSUITests.xctest */,
			);
			name = Products;
			sourceTree = "<group>";
		};
/* End PBXGroup section */

/* Begin PBXNativeTarget section */
		02E6E0B42F17CF34007BCB4D /* EnUygunCaseIOS */ = {
			isa = PBXNativeTarget;
			buildConfigurationList = 02E6E0DE2F17CF35007BCB4D /* Build configuration list for PBXNativeTarget "EnUygunCaseIOS" */;
			buildPhases = (
				02E6E0B12F17CF34007BCB4D /* Sources */,
				02E6E0B22F17CF34007BCB4D /* Frameworks */,
				02E6E0B32F17CF34007BCB4D /* Resources */,
			);
			buildRules = (
			);
			dependencies = (
			);
			fileSystemSynchronizedGroups = (
				02E6E0B72F17CF34007BCB4D /* EnUygunCaseIOS */,
			);
			name = EnUygunCaseIOS;
			packageProductDependencies = (
				02E6E10C2F17DCDD007BCB4D /* RxCocoa */,
				02E6E10E2F17DCDD007BCB4D /* RxRelay */,
			);
			productName = EnUygunCaseIOS;
			productReference = 02E6E0B52F17CF34007BCB4D /* EnUygunCaseIOS.app */;
			productType = "com.apple.product-type.application";
		};
		02E6E0CA2F17CF35007BCB4D /* EnUygunCaseIOSTests */ = {
			isa = PBXNativeTarget;
			buildConfigurationList = 02E6E0E32F17CF35007BCB4D /* Build configuration list for PBXNativeTarget "EnUygunCaseIOSTests" */;
			buildPhases = (
				02E6E0C72F17CF35007BCB4D /* Sources */,
				02E6E0C82F17CF35007BCB4D /* Frameworks */,
				02E6E0C92F17CF35007BCB4D /* Resources */,
			);
			buildRules = (
			);
			dependencies = (
				02E6E0CD2F17CF35007BCB4D /* PBXTargetDependency */,
			);
			fileSystemSynchronizedGroups = (
				02E6E0CE2F17CF35007BCB4D /* EnUygunCaseIOSTests */,
			);
			name = EnUygunCaseIOSTests;
			packageProductDependencies = (
			);
			productName = EnUygunCaseIOSTests;
			productReference = 02E6E0CB2F17CF35007BCB4D /* EnUygunCaseIOSTests.xctest */;
			productType = "com.apple.product-type.bundle.unit-test";
		};
		02E6E0D42F17CF35007BCB4D /* EnUygunCaseIOSUITests */ = {
			isa = PBXNativeTarget;
			buildConfigurationList = 02E6E0E62F17CF35007BCB4D /* Build configuration list for PBXNativeTarget "EnUygunCaseIOSUITests" */;
			buildPhases = (
				02E6E0D12F17CF35007BCB4D /* Sources */,
				02E6E0D22F17CF35007BCB4D /* Frameworks */,
				02E6E0D32F17CF35007BCB4D /* Resources */,
			);
			buildRules = (
			);
			dependencies = (
				02E6E0D72F17CF35007BCB4D /* PBXTargetDependency */,
			);
			fileSystemSynchronizedGroups = (
				02E6E0D82F17CF35007BCB4D /* EnUygunCaseIOSUITests */,
			);
			name = EnUygunCaseIOSUITests;
			packageProductDependencies = (
			);
			productName = EnUygunCaseIOSUITests;
			productReference = 02E6E0D52F17CF35007BCB4D /* EnUygunCaseIOSUITests.xctest */;
			productType = "com.apple.product-type.bundle.ui-testing";
		};
/* End PBXNativeTarget section */

/* Begin PBXProject section */
		02E6E0AD2F17CF34007BCB4D /* Project object */ = {
			isa = PBXProject;
			attributes = {
				BuildIndependentTargetsInParallel = 1;
				LastSwiftUpdateCheck = 1640;
				LastUpgradeCheck = 1640;
				TargetAttributes = {
					02E6E0B42F17CF34007BCB4D = {
						CreatedOnToolsVersion = 16.4;
					};
					02E6E0CA2F17CF35007BCB4D = {
						CreatedOnToolsVersion = 16.4;
						TestTargetID = 02E6E0B42F17CF34007BCB4D;
					};
					02E6E0D42F17CF35007BCB4D = {
						CreatedOnToolsVersion = 16.4;
						TestTargetID = 02E6E0B42F17CF34007BCB4D;
					};
				};
			};
			buildConfigurationList = 02E6E0B02F17CF34007BCB4D /* Build configuration list for PBXProject "EnUygunCaseIOS" */;
			developmentRegion = en;
			hasScannedForEncodings = 0;
			knownRegions = (
				en,
				Base,
			);
			mainGroup = 02E6E0AC2F17CF34007BCB4D;
			minimizedProjectReferenceProxies = 1;
			packageReferences = (
				02E6E10B2F17DCDD007BCB4D /* XCRemoteSwiftPackageReference "RxSwift" */,
			);
			preferredProjectObjectVersion = 77;
			productRefGroup = 02E6E0B62F17CF34007BCB4D /* Products */;
			projectDirPath = "";
			projectRoot = "";
			targets = (
				02E6E0B42F17CF34007BCB4D /* EnUygunCaseIOS */,
				02E6E0CA2F17CF35007BCB4D /* EnUygunCaseIOSTests */,
				02E6E0D42F17CF35007BCB4D /* EnUygunCaseIOSUITests */,
			);
		};
/* End PBXProject section */

/* Begin PBXResourcesBuildPhase section */
		02E6E0B32F17CF34007BCB4D /* Resources */ = {
			isa = PBXResourcesBuildPhase;
			buildActionMask = 2147483647;
			files = (
			);
			runOnlyForDeploymentPostprocessing = 0;
		};
		02E6E0C92F17CF35007BCB4D /* Resources */ = {
			isa = PBXResourcesBuildPhase;
			buildActionMask = 2147483647;
			files = (
			);
			runOnlyForDeploymentPostprocessing = 0;
		};
		02E6E0D32F17CF35007BCB4D /* Resources */ = {
			isa = PBXResourcesBuildPhase;
			buildActionMask = 2147483647;
			files = (
			);
			runOnlyForDeploymentPostprocessing = 0;
		};
/* End PBXResourcesBuildPhase section */

/* Begin PBXSourcesBuildPhase section */
		02E6E0B12F17CF34007BCB4D /* Sources */ = {
			isa = PBXSourcesBuildPhase;
			buildActionMask = 2147483647;
			files = (
			);
			runOnlyForDeploymentPostprocessing = 0;
		};
		02E6E0C72F17CF35007BCB4D /* Sources */ = {
			isa = PBXSourcesBuildPhase;
			buildActionMask = 2147483647;
			files = (
			);
			runOnlyForDeploymentPostprocessing = 0;
		};
		02E6E0D12F17CF35007BCB4D /* Sources */ = {
			isa = PBXSourcesBuildPhase;
			buildActionMask = 2147483647;
			files = (
			);
			runOnlyForDeploymentPostprocessing = 0;
		};
/* End PBXSourcesBuildPhase section */

/* Begin PBXTargetDependency section */
		02E6E0CD2F17CF35007BCB4D /* PBXTargetDependency */ = {
			isa = PBXTargetDependency;
			target = 02E6E0B42F17CF34007BCB4D /* EnUygunCaseIOS */;
			targetProxy = 02E6E0CC2F17CF35007BCB4D /* PBXContainerItemProxy */;
		};
		02E6E0D72F17CF35007BCB4D /* PBXTargetDependency */ = {
			isa = PBXTargetDependency;
			target = 02E6E0B42F17CF34007BCB4D /* EnUygunCaseIOS */;
			targetProxy = 02E6E0D62F17CF35007BCB4D /* PBXContainerItemProxy */;
		};
/* End PBXTargetDependency section */

/* Begin XCBuildConfiguration section */
		02E6E0DF2F17CF35007BCB4D /* Debug */ = {
			isa = XCBuildConfiguration;
			buildSettings = {
				ASSETCATALOG_COMPILER_APPICON_NAME = AppIcon;
				ASSETCATALOG_COMPILER_GLOBAL_ACCENT_COLOR_NAME = AccentColor;
				CODE_SIGN_STYLE = Automatic;
				CURRENT_PROJECT_VERSION = 1;
				DEVELOPMENT_TEAM = KYTCA9RCJX;
				GENERATE_INFOPLIST_FILE = YES;
				INFOPLIST_FILE = EnUygunCaseIOS/Info.plist;
				INFOPLIST_KEY_UIApplicationSupportsIndirectInputEvents = YES;
				INFOPLIST_KEY_UILaunchStoryboardName = LaunchScreen;
				INFOPLIST_KEY_UISupportedInterfaceOrientations_iPad = "UIInterfaceOrientationPortrait UIInterfaceOrientationPortraitUpsideDown UIInterfaceOrientationLandscapeLeft UIInterfaceOrientationLandscapeRight";
				INFOPLIST_KEY_UISupportedInterfaceOrientations_iPhone = "UIInterfaceOrientationPortrait UIInterfaceOrientationLandscapeLeft UIInterfaceOrientationLandscapeRight";
				LD_RUNPATH_SEARCH_PATHS = (
					"$(inherited)",
					"@executable_path/Frameworks",
				);
				MARKETING_VERSION = 1.0;
				PRODUCT_BUNDLE_IDENTIFIER = com.elifyalcin.EnUygunCaseIOS;
				PRODUCT_NAME = "$(TARGET_NAME)";
				SWIFT_EMIT_LOC_STRINGS = YES;
				SWIFT_VERSION = 5.0;
				TARGETED_DEVICE_FAMILY = "1,2";
			};
			name = Debug;
		};
		02E6E0E02F17CF35007BCB4D /* Release */ = {
			isa = XCBuildConfiguration;
			buildSettings = {
				ASSETCATALOG_COMPILER_APPICON_NAME = AppIcon;
				ASSETCATALOG_COMPILER_GLOBAL_ACCENT_COLOR_NAME = AccentColor;
				CODE_SIGN_STYLE = Automatic;
				CURRENT_PROJECT_VERSION = 1;
				DEVELOPMENT_TEAM = KYTCA9RCJX;
				GENERATE_INFOPLIST_FILE = YES;
				INFOPLIST_FILE = EnUygunCaseIOS/Info.plist;
				INFOPLIST_KEY_UIApplicationSupportsIndirectInputEvents = YES;
				INFOPLIST_KEY_UILaunchStoryboardName = LaunchScreen;
				INFOPLIST_KEY_UISupportedInterfaceOrientations_iPad = "UIInterfaceOrientationPortrait UIInterfaceOrientationPortraitUpsideDown UIInterfaceOrientationLandscapeLeft UIInterfaceOrientationLandscapeRight";
				INFOPLIST_KEY_UISupportedInterfaceOrientations_iPhone = "UIInterfaceOrientationPortrait UIInterfaceOrientationLandscapeLeft UIInterfaceOrientationLandscapeRight";
				LD_RUNPATH_SEARCH_PATHS = (
					"$(inherited)",
					"@executable_path/Frameworks",
				);
				MARKETING_VERSION = 1.0;
				PRODUCT_BUNDLE_IDENTIFIER = com.elifyalcin.EnUygunCaseIOS;
				PRODUCT_NAME = "$(TARGET_NAME)";
				SWIFT_EMIT_LOC_STRINGS = YES;
				SWIFT_VERSION = 5.0;
				TARGETED_DEVICE_FAMILY = "1,2";
			};
			name = Release;
		};
		02E6E0E12F17CF35007BCB4D /* Debug */ = {
			isa = XCBuildConfiguration;
			buildSettings = {
				ALWAYS_SEARCH_USER_PATHS = NO;
				ASSETCATALOG_COMPILER_GENERATE_SWIFT_ASSET_SYMBOL_EXTENSIONS = YES;
				CLANG_ANALYZER_NONNULL = YES;
				CLANG_ANALYZER_NUMBER_OBJECT_CONVERSION = YES_AGGRESSIVE;
				CLANG_CXX_LANGUAGE_STANDARD = "gnu++20";
				CLANG_ENABLE_MODULES = YES;
				CLANG_ENABLE_OBJC_ARC = YES;
				CLANG_ENABLE_OBJC_WEAK = YES;
				CLANG_WARN_BLOCK_CAPTURE_AUTORELEASING = YES;
				CLANG_WARN_BOOL_CONVERSION = YES;
				CLANG_WARN_COMMA = YES;
				CLANG_WARN_CONSTANT_CONVERSION = YES;
				CLANG_WARN_DEPRECATED_OBJC_IMPLEMENTATIONS = YES;
				CLANG_WARN_DIRECT_OBJC_ISA_USAGE = YES_ERROR;
				CLANG_WARN_DOCUMENTATION_COMMENTS = YES;
				CLANG_WARN_EMPTY_BODY = YES;
				CLANG_WARN_ENUM_CONVERSION = YES;
				CLANG_WARN_INFINITE_RECURSION = YES;
				CLANG_WARN_INT_CONVERSION = YES;
				CLANG_WARN_NON_LITERAL_NULL_CONVERSION = YES;
				CLANG_WARN_OBJC_IMPLICIT_RETAIN_SELF = YES;
				CLANG_WARN_OBJC_LITERAL_CONVERSION = YES;
				CLANG_WARN_OBJC_ROOT_CLASS = YES_ERROR;
				CLANG_WARN_QUOTED_INCLUDE_IN_FRAMEWORK_HEADER = YES;
				CLANG_WARN_RANGE_LOOP_ANALYSIS = YES;
				CLANG_WARN_STRICT_PROTOTYPES = YES;
				CLANG_WARN_SUSPICIOUS_MOVE = YES;
				CLANG_WARN_UNGUARDED_AVAILABILITY = YES_AGGRESSIVE;
				CLANG_WARN_UNREACHABLE_CODE = YES;
				CLANG_WARN__DUPLICATE_METHOD_MATCH = YES;
				COPY_PHASE_STRIP = NO;
				DEBUG_INFORMATION_FORMAT = dwarf;
				DEVELOPMENT_TEAM = KYTCA9RCJX;
				ENABLE_STRICT_OBJC_MSGSEND = YES;
				ENABLE_TESTABILITY = YES;
				ENABLE_USER_SCRIPT_SANDBOXING = YES;
				GCC_C_LANGUAGE_STANDARD = gnu17;
				GCC_DYNAMIC_NO_PIC = NO;
				GCC_NO_COMMON_BLOCKS = YES;
				GCC_OPTIMIZATION_LEVEL = 0;
				GCC_PREPROCESSOR_DEFINITIONS = (
					"DEBUG=1",
					"$(inherited)",
				);
				GCC_WARN_64_TO_32_BIT_CONVERSION = YES;
				GCC_WARN_ABOUT_RETURN_TYPE = YES_ERROR;
				GCC_WARN_UNDECLARED_SELECTOR = YES;
				GCC_WARN_UNINITIALIZED_AUTOS = YES_AGGRESSIVE;
				GCC_WARN_UNUSED_FUNCTION = YES;
				GCC_WARN_UNUSED_VARIABLE = YES;
				IPHONEOS_DEPLOYMENT_TARGET = 18.5;
				LOCALIZATION_PREFERS_STRING_CATALOGS = YES;
				MTL_ENABLE_DEBUG_INFO = INCLUDE_SOURCE;
				MTL_FAST_MATH = YES;
				ONLY_ACTIVE_ARCH = YES;
				SDKROOT = iphoneos;
				SWIFT_ACTIVE_COMPILATION_CONDITIONS = "DEBUG $(inherited)";
				SWIFT_OPTIMIZATION_LEVEL = "-Onone";
			};
			name = Debug;
		};
		02E6E0E22F17CF35007BCB4D /* Release */ = {
			isa = XCBuildConfiguration;
			buildSettings = {
				ALWAYS_SEARCH_USER_PATHS = NO;
				ASSETCATALOG_COMPILER_GENERATE_SWIFT_ASSET_SYMBOL_EXTENSIONS = YES;
				CLANG_ANALYZER_NONNULL = YES;
				CLANG_ANALYZER_NUMBER_OBJECT_CONVERSION = YES_AGGRESSIVE;
				CLANG_CXX_LANGUAGE_STANDARD = "gnu++20";
				CLANG_ENABLE_MODULES = YES;
				CLANG_ENABLE_OBJC_ARC = YES;
				CLANG_ENABLE_OBJC_WEAK = YES;
				CLANG_WARN_BLOCK_CAPTURE_AUTORELEASING = YES;
				CLANG_WARN_BOOL_CONVERSION = YES;
				CLANG_WARN_COMMA = YES;
				CLANG_WARN_CONSTANT_CONVERSION = YES;
				CLANG_WARN_DEPRECATED_OBJC_IMPLEMENTATIONS = YES;
				CLANG_WARN_DIRECT_OBJC_ISA_USAGE = YES_ERROR;
				CLANG_WARN_DOCUMENTATION_COMMENTS = YES;
				CLANG_WARN_EMPTY_BODY = YES;
				CLANG_WARN_ENUM_CONVERSION = YES;
				CLANG_WARN_INFINITE_RECURSION = YES;
				CLANG_WARN_INT_CONVERSION = YES;
				CLANG_WARN_NON_LITERAL_NULL_CONVERSION = YES;
				CLANG_WARN_OBJC_IMPLICIT_RETAIN_SELF = YES;
				CLANG_WARN_OBJC_LITERAL_CONVERSION = YES;
				CLANG_WARN_OBJC_ROOT_CLASS = YES_ERROR;
				CLANG_WARN_QUOTED_INCLUDE_IN_FRAMEWORK_HEADER = YES;
				CLANG_WARN_RANGE_LOOP_ANALYSIS = YES;
				CLANG_WARN_STRICT_PROTOTYPES = YES;
				CLANG_WARN_SUSPICIOUS_MOVE = YES;
				CLANG_WARN_UNGUARDED_AVAILABILITY = YES_AGGRESSIVE;
				CLANG_WARN_UNREACHABLE_CODE = YES;
				CLANG_WARN__DUPLICATE_METHOD_MATCH = YES;
				COPY_PHASE_STRIP = NO;
				DEBUG_INFORMATION_FORMAT = "dwarf-with-dsym";
				DEVELOPMENT_TEAM = KYTCA9RCJX;
				ENABLE_NS_ASSERTIONS = NO;
				ENABLE_STRICT_OBJC_MSGSEND = YES;
				ENABLE_USER_SCRIPT_SANDBOXING = YES;
				GCC_C_LANGUAGE_STANDARD = gnu17;
				GCC_NO_COMMON_BLOCKS = YES;
				GCC_WARN_64_TO_32_BIT_CONVERSION = YES;
				GCC_WARN_ABOUT_RETURN_TYPE = YES_ERROR;
				GCC_WARN_UNDECLARED_SELECTOR = YES;
				GCC_WARN_UNINITIALIZED_AUTOS = YES_AGGRESSIVE;
				GCC_WARN_UNUSED_FUNCTION = YES;
				GCC_WARN_UNUSED_VARIABLE = YES;
				IPHONEOS_DEPLOYMENT_TARGET = 18.5;
				LOCALIZATION_PREFERS_STRING_CATALOGS = YES;
				MTL_ENABLE_DEBUG_INFO = NO;
				MTL_FAST_MATH = YES;
				SDKROOT = iphoneos;
				SWIFT_COMPILATION_MODE = wholemodule;
				VALIDATE_PRODUCT = YES;
			};
			name = Release;
		};
		02E6E0E42F17CF35007BCB4D /* Debug */ = {
			isa = XCBuildConfiguration;
			buildSettings = {
				BUNDLE_LOADER = "$(TEST_HOST)";
				CODE_SIGN_STYLE = Automatic;
				CURRENT_PROJECT_VERSION = 1;
				DEVELOPMENT_TEAM = KYTCA9RCJX;
				GENERATE_INFOPLIST_FILE = YES;
				IPHONEOS_DEPLOYMENT_TARGET = 18.5;
				MARKETING_VERSION = 1.0;
				PRODUCT_BUNDLE_IDENTIFIER = com.elifyalcin.EnUygunCaseIOSTests;
				PRODUCT_NAME = "$(TARGET_NAME)";
				SWIFT_EMIT_LOC_STRINGS = NO;
				SWIFT_VERSION = 5.0;
				TARGETED_DEVICE_FAMILY = "1,2";
				TEST_HOST = "$(BUILT_PRODUCTS_DIR)/EnUygunCaseIOS.app/$(BUNDLE_EXECUTABLE_FOLDER_PATH)/EnUygunCaseIOS";
			};
			name = Debug;
		};
		02E6E0E52F17CF35007BCB4D /* Release */ = {
			isa = XCBuildConfiguration;
			buildSettings = {
				BUNDLE_LOADER = "$(TEST_HOST)";
				CODE_SIGN_STYLE = Automatic;
				CURRENT_PROJECT_VERSION = 1;
				DEVELOPMENT_TEAM = KYTCA9RCJX;
				GENERATE_INFOPLIST_FILE = YES;
				IPHONEOS_DEPLOYMENT_TARGET = 18.5;
				MARKETING_VERSION = 1.0;
				PRODUCT_BUNDLE_IDENTIFIER = com.elifyalcin.EnUygunCaseIOSTests;
				PRODUCT_NAME = "$(TARGET_NAME)";
				SWIFT_EMIT_LOC_STRINGS = NO;
				SWIFT_VERSION = 5.0;
				TARGETED_DEVICE_FAMILY = "1,2";
				TEST_HOST = "$(BUILT_PRODUCTS_DIR)/EnUygunCaseIOS.app/$(BUNDLE_EXECUTABLE_FOLDER_PATH)/EnUygunCaseIOS";
			};
			name = Release;
		};
		02E6E0E72F17CF35007BCB4D /* Debug */ = {
			isa = XCBuildConfiguration;
			buildSettings = {
				CODE_SIGN_STYLE = Automatic;
				CURRENT_PROJECT_VERSION = 1;
				DEVELOPMENT_TEAM = KYTCA9RCJX;
				GENERATE_INFOPLIST_FILE = YES;
				MARKETING_VERSION = 1.0;
				PRODUCT_BUNDLE_IDENTIFIER = com.elifyalcin.EnUygunCaseIOSUITests;
				PRODUCT_NAME = "$(TARGET_NAME)";
				SWIFT_EMIT_LOC_STRINGS = NO;
				SWIFT_VERSION = 5.0;
				TARGETED_DEVICE_FAMILY = "1,2";
				TEST_TARGET_NAME = EnUygunCaseIOS;
			};
			name = Debug;
		};
		02E6E0E82F17CF35007BCB4D /* Release */ = {
			isa = XCBuildConfiguration;
			buildSettings = {
				CODE_SIGN_STYLE = Automatic;
				CURRENT_PROJECT_VERSION = 1;
				DEVELOPMENT_TEAM = KYTCA9RCJX;
				GENERATE_INFOPLIST_FILE = YES;
				MARKETING_VERSION = 1.0;
				PRODUCT_BUNDLE_IDENTIFIER = com.elifyalcin.EnUygunCaseIOSUITests;
				PRODUCT_NAME = "$(TARGET_NAME)";
				SWIFT_EMIT_LOC_STRINGS = NO;
				SWIFT_VERSION = 5.0;
				TARGETED_DEVICE_FAMILY = "1,2";
				TEST_TARGET_NAME = EnUygunCaseIOS;
			};
			name = Release;
		};
/* End XCBuildConfiguration section */

/* Begin XCConfigurationList section */
		02E6E0B02F17CF34007BCB4D /* Build configuration list for PBXProject "EnUygunCaseIOS" */ = {
			isa = XCConfigurationList;
			buildConfigurations = (
				02E6E0E12F17CF35007BCB4D /* Debug */,
				02E6E0E22F17CF35007BCB4D /* Release */,
			);
			defaultConfigurationIsVisible = 0;
			defaultConfigurationName = Release;
		};
		02E6E0DE2F17CF35007BCB4D /* Build configuration list for PBXNativeTarget "EnUygunCaseIOS" */ = {
			isa = XCConfigurationList;
			buildConfigurations = (
				02E6E0DF2F17CF35007BCB4D /* Debug */,
				02E6E0E02F17CF35007BCB4D /* Release */,
			);
			defaultConfigurationIsVisible = 0;
			defaultConfigurationName = Release;
		};
		02E6E0E32F17CF35007BCB4D /* Build configuration list for PBXNativeTarget "EnUygunCaseIOSTests" */ = {
			isa = XCConfigurationList;
			buildConfigurations = (
				02E6E0E42F17CF35007BCB4D /* Debug */,
				02E6E0E52F17CF35007BCB4D /* Release */,
			);
			defaultConfigurationIsVisible = 0;
			defaultConfigurationName = Release;
		};
		02E6E0E62F17CF35007BCB4D /* Build configuration list for PBXNativeTarget "EnUygunCaseIOSUITests" */ = {
			isa = XCConfigurationList;
			buildConfigurations = (
				02E6E0E72F17CF35007BCB4D /* Debug */,
				02E6E0E82F17CF35007BCB4D /* Release */,
			);
			defaultConfigurationIsVisible = 0;
			defaultConfigurationName = Release;
		};
/* End XCConfigurationList section */

/* Begin XCRemoteSwiftPackageReference section */
		02E6E10B2F17DCDD007BCB4D /* XCRemoteSwiftPackageReference "RxSwift" */ = {
			isa = XCRemoteSwiftPackageReference;
			repositoryURL = "https://github.com/ReactiveX/RxSwift.git";
			requirement = {
				kind = upToNextMajorVersion;
				minimumVersion = 6.9.1;
			};
		};
/* End XCRemoteSwiftPackageReference section */

/* Begin XCSwiftPackageProductDependency section */
		02E6E10C2F17DCDD007BCB4D /* RxCocoa */ = {
			isa = XCSwiftPackageProductDependency;
			package = 02E6E10B2F17DCDD007BCB4D /* XCRemoteSwiftPackageReference "RxSwift" */;
			productName = RxCocoa;
		};
		02E6E10E2F17DCDD007BCB4D /* RxRelay */ = {
			isa = XCSwiftPackageProductDependency;
			package = 02E6E10B2F17DCDD007BCB4D /* XCRemoteSwiftPackageReference "RxSwift" */;
			productName = RxRelay;
		};
/* End XCSwiftPackageProductDependency section */
	};
	rootObject = 02E6E0AD2F17CF34007BCB4D /* Project object */;
}
